
Microsoft Visual Studio Solution File, Format Version 12.00
# Visual Studio Version 17
VisualStudioVersion = 17.8.34322.80
MinimumVisualStudioVersion = 10.0.40219.1
Project("{FAE04EC0-301F-11D3-BF4B-00C04F79EFBC}") = "MauiApp23", "MauiApp23\MauiApp23.csproj", "{F8DEBF0E-CB33-4D49-8B8D-7617C95916D1}"
EndProject
Global
	GlobalSection(SolutionConfigurationPlatforms) = preSolution
		Debug|Any CPU = Debug|Any CPU
		Release|Any CPU = Release|Any CPU
	EndGlobalSection
	GlobalSection(ProjectConfigurationPlatforms) = postSolution
		{F8DEBF0E-CB33-4D49-8B8D-7617C95916D1}.Debug|Any CPU.ActiveCfg = Debug|Any CPU
		{F8DEBF0E-CB33-4D49-8B8D-7617C95916D1}.Debug|Any CPU.Build.0 = Debug|Any CPU
		{F8DEBF0E-CB33-4D49-8B8D-7617C95916D1}.Debug|Any CPU.Deploy.0 = Debug|Any CPU
		{F8DEBF0E-CB33-4D49-8B8D-7617C95916D1}.Release|Any CPU.ActiveCfg = Release|Any CPU
		{F8DEBF0E-CB33-4D49-8B8D-7617C95916D1}.Release|Any CPU.Build.0 = Release|Any CPU
		{F8DEBF0E-CB33-4D49-8B8D-7617C95916D1}.Release|Any CPU.Deploy.0 = Release|Any CPU
	EndGlobalSection
	GlobalSection(SolutionProperties) = preSolution
		HideSolutionNode = FALSE
	EndGlobalSection
	GlobalSection(ExtensibilityGlobals) = postSolution
		SolutionGuid = {54EE4603-78A4-417E-BA59-31039984A568}
	EndGlobalSection
EndGlobal
